
Microsoft Visual Studio Solution File, Format Version 12.00
# Visual Studio Version 17
VisualStudioVersion = 17.8.34330.188
MinimumVisualStudioVersion = 10.0.40219.1
Project("{FAE04EC0-301F-11D3-BF4B-00C04F79EFBC}") = "Recreation.Server", "Recreation.Server\Recreation.Server.csproj", "{23F077AA-9E56-469B-B0AD-FD62D0A758E3}"
EndProject
Project("{54A90642-561A-4BB1-A94E-469ADEE60C69}") = "recreation.client", "recreation.client\recreation.client.esproj", "{D882E878-03C7-4FB0-889F-87FD3F08F8B4}"
EndProject
Global
	GlobalSection(SolutionConfigurationPlatforms) = preSolution
		Debug|Any CPU = Debug|Any CPU
		Release|Any CPU = Release|Any CPU
	EndGlobalSection
	GlobalSection(ProjectConfigurationPlatforms) = postSolution
		{23F077AA-9E56-469B-B0AD-FD62D0A758E3}.Debug|Any CPU.ActiveCfg = Debug|Any CPU
		{23F077AA-9E56-469B-B0AD-FD62D0A758E3}.Debug|Any CPU.Build.0 = Debug|Any CPU
		{23F077AA-9E56-469B-B0AD-FD62D0A758E3}.Release|Any CPU.ActiveCfg = Release|Any CPU
		{23F077AA-9E56-469B-B0AD-FD62D0A758E3}.Release|Any CPU.Build.0 = Release|Any CPU
		{D882E878-03C7-4FB0-889F-87FD3F08F8B4}.Debug|Any CPU.ActiveCfg = Debug|Any CPU
		{D882E878-03C7-4FB0-889F-87FD3F08F8B4}.Debug|Any CPU.Build.0 = Debug|Any CPU
		{D882E878-03C7-4FB0-889F-87FD3F08F8B4}.Debug|Any CPU.Deploy.0 = Debug|Any CPU
		{D882E878-03C7-4FB0-889F-87FD3F08F8B4}.Release|Any CPU.ActiveCfg = Release|Any CPU
		{D882E878-03C7-4FB0-889F-87FD3F08F8B4}.Release|Any CPU.Build.0 = Release|Any CPU
		{D882E878-03C7-4FB0-889F-87FD3F08F8B4}.Release|Any CPU.Deploy.0 = Release|Any CPU
	EndGlobalSection
	GlobalSection(SolutionProperties) = preSolution
		HideSolutionNode = FALSE
	EndGlobalSection
	GlobalSection(ExtensibilityGlobals) = postSolution
		SolutionGuid = {955D4C3E-4210-42D8-88AE-B21687586A2B}
	EndGlobalSection
EndGlobal
